{
  "name": "interkit-raspi",
  "version": "0.0.1",
  "lockfileVersion": 2,
  "requires": true,
  "packages": {
    "": {
      "name": "interkit-raspi",
      "version": "0.0.1",
      "workspaces": [
        "../packages/*"
      ],
      "dependencies": {
        "play-sound": "^1.1.5"
      },
      "engines": {
        "node": "=16",
        "npm": ">=7"
      }
    },
    "../packages/interkit": {
      "dependencies": {
        "@capacitor-community/http": "^0.3.0",
        "@capacitor/cli": "^2.4.7",
        "@capacitor/core": "^2.4.7",
        "@capacitor/ios": "^2.4.7",
        "cordova-plugin-file": "^6.0.2",
        "cordova-plugin-zip": "^3.1.0",
        "geolib": "^3.3.1",
        "isomorphic-ws": "^4.0.1",
        "js-beautify": "^1.14.3",
        "jsqr": "^1.4.0",
        "leaflet": "^1.7.1",
        "leaflet.tilelayer.colorfilter": "^1.2.5",
        "leaflet.tilelayer.gl": "^2.4.1",
        "marked": "^2.0.3",
        "simpleddp": "^2.2.4",
        "simpleddp-plugin-login": "^4.0.2",
        "svelte-file-dropzone": "^0.0.15",
        "ws": "^8.4.2"
      },
      "devDependencies": {
        "@maplibre/maplibre-gl-leaflet": "^0.0.15"
      },
      "peerDependencies": {
        "svelte": "^3.35.0"
      }
    },
    "../packages/interkit-blockly": {},
    "node_modules/find-exec": {
      "version": "1.0.2",
      "resolved": "https://registry.npmjs.org/find-exec/-/find-exec-1.0.2.tgz",
      "integrity": "sha512-/cs763F5i7Nm/aG+hjBv2nJB/Bl2w0tnuZd5bbfcV+WYapn8T4ez3B87H6MgvsmdheDkitj/rHi557wvE+XylQ=="
    },
    "node_modules/interkit": {
      "resolved": "../packages/interkit",
      "link": true
    },
    "node_modules/interkit-blockly": {
      "resolved": "../packages/interkit-blockly",
      "link": true
    },
    "node_modules/play-sound": {
      "version": "1.1.5",
      "resolved": "https://registry.npmjs.org/play-sound/-/play-sound-1.1.5.tgz",
      "integrity": "sha512-gbdF1iLNyL5r9Ne9YwARGMkrvfR4EL9G1ZLtFPLkI2tQt0kkHw5CHM5E6Gl/lDuuk/Uj/O5Q29Bi08jMK4egbA==",
      "dependencies": {
        "find-exec": "1.0.2"
      }
    }
  },
  "dependencies": {
    "find-exec": {
      "version": "1.0.2",
      "resolved": "https://registry.npmjs.org/find-exec/-/find-exec-1.0.2.tgz",
      "integrity": "sha512-/cs763F5i7Nm/aG+hjBv2nJB/Bl2w0tnuZd5bbfcV+WYapn8T4ez3B87H6MgvsmdheDkitj/rHi557wvE+XylQ=="
    },
    "interkit": {
      "version": "file:../packages/interkit",
      "requires": {
        "@capacitor-community/http": "^0.3.0",
        "@capacitor/cli": "^2.4.7",
        "@capacitor/core": "^2.4.7",
        "@capacitor/ios": "^2.4.7",
        "@maplibre/maplibre-gl-leaflet": "^0.0.15",
        "cordova-plugin-file": "^6.0.2",
        "cordova-plugin-zip": "^3.1.0",
        "geolib": "^3.3.1",
        "isomorphic-ws": "^4.0.1",
        "js-beautify": "^1.14.3",
        "jsqr": "^1.4.0",
        "leaflet": "^1.7.1",
        "leaflet.tilelayer.colorfilter": "^1.2.5",
        "leaflet.tilelayer.gl": "^2.4.1",
        "marked": "^2.0.3",
        "simpleddp": "^2.2.4",
        "simpleddp-plugin-login": "^4.0.2",
        "svelte-file-dropzone": "^0.0.15",
        "ws": "^8.4.2"
      }
    },
    "interkit-blockly": {
      "version": "file:../packages/interkit-blockly"
    },
    "play-sound": {
      "version": "1.1.5",
      "resolved": "https://registry.npmjs.org/play-sound/-/play-sound-1.1.5.tgz",
      "integrity": "sha512-gbdF1iLNyL5r9Ne9YwARGMkrvfR4EL9G1ZLtFPLkI2tQt0kkHw5CHM5E6Gl/lDuuk/Uj/O5Q29Bi08jMK4egbA==",
      "requires": {
        "find-exec": "1.0.2"
      }
    }
  }
}
